
Microsoft Visual Studio Solution File, Format Version 12.00
# Visual Studio 14
VisualStudioVersion = 14.0.23107.0
MinimumVisualStudioVersion = 10.0.40219.1
Project("{FAE04EC0-301F-11D3-BF4B-00C04F79EFBC}") = "HotChat.API", "HotChat.API\HotChat.API.csproj", "{EC7C1252-1D75-40C1-8CF5-69313BE3697E}"
EndProject
Project("{FAE04EC0-301F-11D3-BF4B-00C04F79EFBC}") = "HotChat.API.Tests", "HotChat.API.Tests\HotChat.API.Tests.csproj", "{4A146F63-59FD-46C3-BE7B-F0DB2DFFE451}"
EndProject
Project("{2150E333-8FDC-42A3-9474-1A3956D46DE8}") = "API", "API", "{BD21EC22-B67B-4391-A974-70705AA7475E}"
EndProject
Project("{2150E333-8FDC-42A3-9474-1A3956D46DE8}") = "Repository", "Repository", "{1160CC61-F573-45AC-B315-CBBCCBE3A27E}"
EndProject
Project("{2150E333-8FDC-42A3-9474-1A3956D46DE8}") = "BL", "BL", "{A41FF9AD-3848-4612-B98D-24B9F8904F27}"
EndProject
Project("{FAE04EC0-301F-11D3-BF4B-00C04F79EFBC}") = "HotChat.Service.Impl", "HotChat.Service\HotChat.Service.Impl.csproj", "{B2015FEA-1736-4D28-A783-29708B9C9BB1}"
EndProject
Project("{FAE04EC0-301F-11D3-BF4B-00C04F79EFBC}") = "HotChat.BO", "HotChat.BO\HotChat.BO.csproj", "{0FF0AFAC-3261-49DC-8B5C-ABEFA54B692B}"
EndProject
Project("{FAE04EC0-301F-11D3-BF4B-00C04F79EFBC}") = "HotChat.DTO", "HotChat.DataContract\HotChat.DTO.csproj", "{E4E7D82B-7303-4EDD-A6E3-73EBD26AE89A}"
EndProject
Project("{FAE04EC0-301F-11D3-BF4B-00C04F79EFBC}") = "HotChat.DAL", "HotChat.DAL\HotChat.DAL.csproj", "{EB8EF597-F8F6-4A06-A531-4F004C33F0D6}"
EndProject
Project("{FAE04EC0-301F-11D3-BF4B-00C04F79EFBC}") = "HotChat.Repository.Interface", "HotChat.Repository\HotChat.Repository.Interface.csproj", "{CE1CEFE1-86FF-4C2E-977A-5822CB8E10F8}"
EndProject
Project("{FAE04EC0-301F-11D3-BF4B-00C04F79EFBC}") = "HotChat.Framework", "HotChat.Framework\HotChat.Framework.csproj", "{CE40364F-0846-4E0B-8E76-05919C7FDE4E}"
EndProject
Project("{FAE04EC0-301F-11D3-BF4B-00C04F79EFBC}") = "HotChat.Repository.Mongo", "HotChat.Repository.Mongo\HotChat.Repository.Mongo.csproj", "{F1B53160-B915-4725-A75E-CCBF546AD9F5}"
EndProject
Project("{FAE04EC0-301F-11D3-BF4B-00C04F79EFBC}") = "HotChat.Service.Interface", "HotChat.Service.Interface\HotChat.Service.Interface.csproj", "{C4A8C7C2-E2C5-4284-B0E7-CA748288D9F3}"
EndProject
Project("{2150E333-8FDC-42A3-9474-1A3956D46DE8}") = "Data", "Data", "{89B80A4F-8F6D-49B1-8407-097A06D9B0A7}"
EndProject
Project("{FAE04EC0-301F-11D3-BF4B-00C04F79EFBC}") = "HotChat.DAO", "HotChat.DAO\HotChat.DAO.csproj", "{08BC1E35-02ED-4D63-8EA8-5D6C794E8CA0}"
EndProject
Project("{FAE04EC0-301F-11D3-BF4B-00C04F79EFBC}") = "HotChat.Common", "HotChat.Common\HotChat.Common.csproj", "{DE6E8D40-1016-4B0C-B7FC-48C6929BBA83}"
EndProject
Global
	GlobalSection(SolutionConfigurationPlatforms) = preSolution
		Debug|Any CPU = Debug|Any CPU
		Release|Any CPU = Release|Any CPU
	EndGlobalSection
	GlobalSection(ProjectConfigurationPlatforms) = postSolution
		{EC7C1252-1D75-40C1-8CF5-69313BE3697E}.Debug|Any CPU.ActiveCfg = Debug|Any CPU
		{EC7C1252-1D75-40C1-8CF5-69313BE3697E}.Debug|Any CPU.Build.0 = Debug|Any CPU
		{EC7C1252-1D75-40C1-8CF5-69313BE3697E}.Release|Any CPU.ActiveCfg = Release|Any CPU
		{EC7C1252-1D75-40C1-8CF5-69313BE3697E}.Release|Any CPU.Build.0 = Release|Any CPU
		{4A146F63-59FD-46C3-BE7B-F0DB2DFFE451}.Debug|Any CPU.ActiveCfg = Debug|Any CPU
		{4A146F63-59FD-46C3-BE7B-F0DB2DFFE451}.Debug|Any CPU.Build.0 = Debug|Any CPU
		{4A146F63-59FD-46C3-BE7B-F0DB2DFFE451}.Release|Any CPU.ActiveCfg = Release|Any CPU
		{4A146F63-59FD-46C3-BE7B-F0DB2DFFE451}.Release|Any CPU.Build.0 = Release|Any CPU
		{B2015FEA-1736-4D28-A783-29708B9C9BB1}.Debug|Any CPU.ActiveCfg = Debug|Any CPU
		{B2015FEA-1736-4D28-A783-29708B9C9BB1}.Debug|Any CPU.Build.0 = Debug|Any CPU
		{B2015FEA-1736-4D28-A783-29708B9C9BB1}.Release|Any CPU.ActiveCfg = Release|Any CPU
		{B2015FEA-1736-4D28-A783-29708B9C9BB1}.Release|Any CPU.Build.0 = Release|Any CPU
		{0FF0AFAC-3261-49DC-8B5C-ABEFA54B692B}.Debug|Any CPU.ActiveCfg = Debug|Any CPU
		{0FF0AFAC-3261-49DC-8B5C-ABEFA54B692B}.Debug|Any CPU.Build.0 = Debug|Any CPU
		{0FF0AFAC-3261-49DC-8B5C-ABEFA54B692B}.Release|Any CPU.ActiveCfg = Release|Any CPU
		{0FF0AFAC-3261-49DC-8B5C-ABEFA54B692B}.Release|Any CPU.Build.0 = Release|Any CPU
		{E4E7D82B-7303-4EDD-A6E3-73EBD26AE89A}.Debug|Any CPU.ActiveCfg = Debug|Any CPU
		{E4E7D82B-7303-4EDD-A6E3-73EBD26AE89A}.Debug|Any CPU.Build.0 = Debug|Any CPU
		{E4E7D82B-7303-4EDD-A6E3-73EBD26AE89A}.Release|Any CPU.ActiveCfg = Release|Any CPU
		{E4E7D82B-7303-4EDD-A6E3-73EBD26AE89A}.Release|Any CPU.Build.0 = Release|Any CPU
		{EB8EF597-F8F6-4A06-A531-4F004C33F0D6}.Debug|Any CPU.ActiveCfg = Debug|Any CPU
		{EB8EF597-F8F6-4A06-A531-4F004C33F0D6}.Debug|Any CPU.Build.0 = Debug|Any CPU
		{EB8EF597-F8F6-4A06-A531-4F004C33F0D6}.Release|Any CPU.ActiveCfg = Release|Any CPU
		{EB8EF597-F8F6-4A06-A531-4F004C33F0D6}.Release|Any CPU.Build.0 = Release|Any CPU
		{CE1CEFE1-86FF-4C2E-977A-5822CB8E10F8}.Debug|Any CPU.ActiveCfg = Debug|Any CPU
		{CE1CEFE1-86FF-4C2E-977A-5822CB8E10F8}.Debug|Any CPU.Build.0 = Debug|Any CPU
		{CE1CEFE1-86FF-4C2E-977A-5822CB8E10F8}.Release|Any CPU.ActiveCfg = Release|Any CPU
		{CE1CEFE1-86FF-4C2E-977A-5822CB8E10F8}.Release|Any CPU.Build.0 = Release|Any CPU
		{CE40364F-0846-4E0B-8E76-05919C7FDE4E}.Debug|Any CPU.ActiveCfg = Debug|Any CPU
		{CE40364F-0846-4E0B-8E76-05919C7FDE4E}.Debug|Any CPU.Build.0 = Debug|Any CPU
		{CE40364F-0846-4E0B-8E76-05919C7FDE4E}.Release|Any CPU.ActiveCfg = Release|Any CPU
		{CE40364F-0846-4E0B-8E76-05919C7FDE4E}.Release|Any CPU.Build.0 = Release|Any CPU
		{F1B53160-B915-4725-A75E-CCBF546AD9F5}.Debug|Any CPU.ActiveCfg = Debug|Any CPU
		{F1B53160-B915-4725-A75E-CCBF546AD9F5}.Debug|Any CPU.Build.0 = Debug|Any CPU
		{F1B53160-B915-4725-A75E-CCBF546AD9F5}.Release|Any CPU.ActiveCfg = Release|Any CPU
		{F1B53160-B915-4725-A75E-CCBF546AD9F5}.Release|Any CPU.Build.0 = Release|Any CPU
		{C4A8C7C2-E2C5-4284-B0E7-CA748288D9F3}.Debug|Any CPU.ActiveCfg = Debug|Any CPU
		{C4A8C7C2-E2C5-4284-B0E7-CA748288D9F3}.Debug|Any CPU.Build.0 = Debug|Any CPU
		{C4A8C7C2-E2C5-4284-B0E7-CA748288D9F3}.Release|Any CPU.ActiveCfg = Release|Any CPU
		{C4A8C7C2-E2C5-4284-B0E7-CA748288D9F3}.Release|Any CPU.Build.0 = Release|Any CPU
		{08BC1E35-02ED-4D63-8EA8-5D6C794E8CA0}.Debug|Any CPU.ActiveCfg = Debug|Any CPU
		{08BC1E35-02ED-4D63-8EA8-5D6C794E8CA0}.Debug|Any CPU.Build.0 = Debug|Any CPU
		{08BC1E35-02ED-4D63-8EA8-5D6C794E8CA0}.Release|Any CPU.ActiveCfg = Release|Any CPU
		{08BC1E35-02ED-4D63-8EA8-5D6C794E8CA0}.Release|Any CPU.Build.0 = Release|Any CPU
		{DE6E8D40-1016-4B0C-B7FC-48C6929BBA83}.Debug|Any CPU.ActiveCfg = Debug|Any CPU
		{DE6E8D40-1016-4B0C-B7FC-48C6929BBA83}.Debug|Any CPU.Build.0 = Debug|Any CPU
		{DE6E8D40-1016-4B0C-B7FC-48C6929BBA83}.Release|Any CPU.ActiveCfg = Release|Any CPU
		{DE6E8D40-1016-4B0C-B7FC-48C6929BBA83}.Release|Any CPU.Build.0 = Release|Any CPU
	EndGlobalSection
	GlobalSection(SolutionProperties) = preSolution
		HideSolutionNode = FALSE
	EndGlobalSection
	GlobalSection(NestedProjects) = preSolution
		{EC7C1252-1D75-40C1-8CF5-69313BE3697E} = {BD21EC22-B67B-4391-A974-70705AA7475E}
		{4A146F63-59FD-46C3-BE7B-F0DB2DFFE451} = {BD21EC22-B67B-4391-A974-70705AA7475E}
		{B2015FEA-1736-4D28-A783-29708B9C9BB1} = {A41FF9AD-3848-4612-B98D-24B9F8904F27}
		{0FF0AFAC-3261-49DC-8B5C-ABEFA54B692B} = {A41FF9AD-3848-4612-B98D-24B9F8904F27}
		{E4E7D82B-7303-4EDD-A6E3-73EBD26AE89A} = {89B80A4F-8F6D-49B1-8407-097A06D9B0A7}
		{EB8EF597-F8F6-4A06-A531-4F004C33F0D6} = {1160CC61-F573-45AC-B315-CBBCCBE3A27E}
		{CE1CEFE1-86FF-4C2E-977A-5822CB8E10F8} = {1160CC61-F573-45AC-B315-CBBCCBE3A27E}
		{F1B53160-B915-4725-A75E-CCBF546AD9F5} = {1160CC61-F573-45AC-B315-CBBCCBE3A27E}
		{C4A8C7C2-E2C5-4284-B0E7-CA748288D9F3} = {A41FF9AD-3848-4612-B98D-24B9F8904F27}
		{08BC1E35-02ED-4D63-8EA8-5D6C794E8CA0} = {89B80A4F-8F6D-49B1-8407-097A06D9B0A7}
		{DE6E8D40-1016-4B0C-B7FC-48C6929BBA83} = {89B80A4F-8F6D-49B1-8407-097A06D9B0A7}
	EndGlobalSection
EndGlobal
