
Microsoft Visual Studio Solution File, Format Version 12.00
# Visual Studio 14
VisualStudioVersion = 14.0.23107.0
MinimumVisualStudioVersion = 10.0.40219.1
Project("{FAE04EC0-301F-11D3-BF4B-00C04F79EFBC}") = "HotChat.API", "HotChat.API\HotChat.API.csproj", "{EC7C1252-1D75-40C1-8CF5-69313BE3697E}"
EndProject
Project("{FAE04EC0-301F-11D3-BF4B-00C04F79EFBC}") = "HotChat.API.Tests", "HotChat.API.Tests\HotChat.API.Tests.csproj", "{4A146F63-59FD-46C3-BE7B-F0DB2DFFE451}"
EndProject
Project("{2150E333-8FDC-42A3-9474-1A3956D46DE8}") = "API", "API", "{BD21EC22-B67B-4391-A974-70705AA7475E}"
EndProject
Project("{2150E333-8FDC-42A3-9474-1A3956D46DE8}") = "DAL", "DAL", "{1160CC61-F573-45AC-B315-CBBCCBE3A27E}"
EndProject
Project("{2150E333-8FDC-42A3-9474-1A3956D46DE8}") = "BL", "BL", "{A41FF9AD-3848-4612-B98D-24B9F8904F27}"
EndProject
Project("{FAE04EC0-301F-11D3-BF4B-00C04F79EFBC}") = "HotChat.Service", "HotChat.Service\HotChat.Service.csproj", "{B2015FEA-1736-4D28-A783-29708B9C9BB1}"
EndProject
Project("{FAE04EC0-301F-11D3-BF4B-00C04F79EFBC}") = "HotChat.BO", "HotChat.BO\HotChat.BO.csproj", "{0FF0AFAC-3261-49DC-8B5C-ABEFA54B692B}"
EndProject
Project("{FAE04EC0-301F-11D3-BF4B-00C04F79EFBC}") = "HotChat.DataContract", "HotChat.DataContract\HotChat.DataContract.csproj", "{E4E7D82B-7303-4EDD-A6E3-73EBD26AE89A}"
EndProject
Project("{FAE04EC0-301F-11D3-BF4B-00C04F79EFBC}") = "HotChat.DAL", "HotChat.DAL\HotChat.DAL.csproj", "{EB8EF597-F8F6-4A06-A531-4F004C33F0D6}"
EndProject
Global
	GlobalSection(SolutionConfigurationPlatforms) = preSolution
		Debug|Any CPU = Debug|Any CPU
		Release|Any CPU = Release|Any CPU
	EndGlobalSection
	GlobalSection(ProjectConfigurationPlatforms) = postSolution
		{EC7C1252-1D75-40C1-8CF5-69313BE3697E}.Debug|Any CPU.ActiveCfg = Debug|Any CPU
		{EC7C1252-1D75-40C1-8CF5-69313BE3697E}.Debug|Any CPU.Build.0 = Debug|Any CPU
		{EC7C1252-1D75-40C1-8CF5-69313BE3697E}.Release|Any CPU.ActiveCfg = Release|Any CPU
		{EC7C1252-1D75-40C1-8CF5-69313BE3697E}.Release|Any CPU.Build.0 = Release|Any CPU
		{4A146F63-59FD-46C3-BE7B-F0DB2DFFE451}.Debug|Any CPU.ActiveCfg = Debug|Any CPU
		{4A146F63-59FD-46C3-BE7B-F0DB2DFFE451}.Debug|Any CPU.Build.0 = Debug|Any CPU
		{4A146F63-59FD-46C3-BE7B-F0DB2DFFE451}.Release|Any CPU.ActiveCfg = Release|Any CPU
		{4A146F63-59FD-46C3-BE7B-F0DB2DFFE451}.Release|Any CPU.Build.0 = Release|Any CPU
		{B2015FEA-1736-4D28-A783-29708B9C9BB1}.Debug|Any CPU.ActiveCfg = Debug|Any CPU
		{B2015FEA-1736-4D28-A783-29708B9C9BB1}.Debug|Any CPU.Build.0 = Debug|Any CPU
		{B2015FEA-1736-4D28-A783-29708B9C9BB1}.Release|Any CPU.ActiveCfg = Release|Any CPU
		{B2015FEA-1736-4D28-A783-29708B9C9BB1}.Release|Any CPU.Build.0 = Release|Any CPU
		{0FF0AFAC-3261-49DC-8B5C-ABEFA54B692B}.Debug|Any CPU.ActiveCfg = Debug|Any CPU
		{0FF0AFAC-3261-49DC-8B5C-ABEFA54B692B}.Debug|Any CPU.Build.0 = Debug|Any CPU
		{0FF0AFAC-3261-49DC-8B5C-ABEFA54B692B}.Release|Any CPU.ActiveCfg = Release|Any CPU
		{0FF0AFAC-3261-49DC-8B5C-ABEFA54B692B}.Release|Any CPU.Build.0 = Release|Any CPU
		{E4E7D82B-7303-4EDD-A6E3-73EBD26AE89A}.Debug|Any CPU.ActiveCfg = Debug|Any CPU
		{E4E7D82B-7303-4EDD-A6E3-73EBD26AE89A}.Debug|Any CPU.Build.0 = Debug|Any CPU
		{E4E7D82B-7303-4EDD-A6E3-73EBD26AE89A}.Release|Any CPU.ActiveCfg = Release|Any CPU
		{E4E7D82B-7303-4EDD-A6E3-73EBD26AE89A}.Release|Any CPU.Build.0 = Release|Any CPU
		{EB8EF597-F8F6-4A06-A531-4F004C33F0D6}.Debug|Any CPU.ActiveCfg = Debug|Any CPU
		{EB8EF597-F8F6-4A06-A531-4F004C33F0D6}.Debug|Any CPU.Build.0 = Debug|Any CPU
		{EB8EF597-F8F6-4A06-A531-4F004C33F0D6}.Release|Any CPU.ActiveCfg = Release|Any CPU
		{EB8EF597-F8F6-4A06-A531-4F004C33F0D6}.Release|Any CPU.Build.0 = Release|Any CPU
	EndGlobalSection
	GlobalSection(SolutionProperties) = preSolution
		HideSolutionNode = FALSE
	EndGlobalSection
	GlobalSection(NestedProjects) = preSolution
		{EC7C1252-1D75-40C1-8CF5-69313BE3697E} = {BD21EC22-B67B-4391-A974-70705AA7475E}
		{4A146F63-59FD-46C3-BE7B-F0DB2DFFE451} = {BD21EC22-B67B-4391-A974-70705AA7475E}
		{B2015FEA-1736-4D28-A783-29708B9C9BB1} = {A41FF9AD-3848-4612-B98D-24B9F8904F27}
		{0FF0AFAC-3261-49DC-8B5C-ABEFA54B692B} = {A41FF9AD-3848-4612-B98D-24B9F8904F27}
		{EB8EF597-F8F6-4A06-A531-4F004C33F0D6} = {1160CC61-F573-45AC-B315-CBBCCBE3A27E}
	EndGlobalSection
EndGlobal
